// !$*UTF8*$!
{
	archiveVersion = 1;
	classes = {
	};
	objectVersion = 50;
	objects = {

/* Begin PBXBuildFile section */
		2C0FEF9526F0B2DC0098EDA9 /* DetailInfoDNViewController.swift in Sources */ = {isa = PBXBuildFile; fileRef = 2C0FEF9426F0B2DC0098EDA9 /* DetailInfoDNViewController.swift */; };
		2C0FEF9926F0C9A90098EDA9 /* ProjectDN.swift in Sources */ = {isa = PBXBuildFile; fileRef = 2C0FEF9826F0C9A90098EDA9 /* ProjectDN.swift */; };
		2C436F6E26F34BB80046F932 /* ProjectListDNViewController.swift in Sources */ = {isa = PBXBuildFile; fileRef = 2C436F6D26F34BB80046F932 /* ProjectListDNViewController.swift */; };
		2C91B6A726EF9255001A46C9 /* Dmitriy.storyboard in Resources */ = {isa = PBXBuildFile; fileRef = 2C91B6A626EF9255001A46C9 /* Dmitriy.storyboard */; };
		2CBC031026EF646F005F2BE6 /* PersonDN.swift in Sources */ = {isa = PBXBuildFile; fileRef = 2CBC030F26EF646F005F2BE6 /* PersonDN.swift */; };
		2CBC031226EF6CD1005F2BE6 /* ProfessionDN.swift in Sources */ = {isa = PBXBuildFile; fileRef = 2CBC031126EF6CD1005F2BE6 /* ProfessionDN.swift */; };
		786EE0FB26F4D19500E9688E /* PersonI.swift in Sources */ = {isa = PBXBuildFile; fileRef = 786EE0FA26F4D19500E9688E /* PersonI.swift */; };
		7873F63726F0D90F005BA974 /* Igor.storyboard in Resources */ = {isa = PBXBuildFile; fileRef = 7873F63626F0D90F005BA974 /* Igor.storyboard */; };
		789DBF3326EAA4C3005F86D8 /* AppDelegate.swift in Sources */ = {isa = PBXBuildFile; fileRef = 789DBF3226EAA4C3005F86D8 /* AppDelegate.swift */; };
		789DBF3526EAA4C3005F86D8 /* SceneDelegate.swift in Sources */ = {isa = PBXBuildFile; fileRef = 789DBF3426EAA4C3005F86D8 /* SceneDelegate.swift */; };
		789DBF3A26EAA4C3005F86D8 /* Main.storyboard in Resources */ = {isa = PBXBuildFile; fileRef = 789DBF3826EAA4C3005F86D8 /* Main.storyboard */; };
		789DBF3C26EAA4C7005F86D8 /* Assets.xcassets in Resources */ = {isa = PBXBuildFile; fileRef = 789DBF3B26EAA4C7005F86D8 /* Assets.xcassets */; };
		789DBF3F26EAA4C7005F86D8 /* LaunchScreen.storyboard in Resources */ = {isa = PBXBuildFile; fileRef = 789DBF3D26EAA4C7005F86D8 /* LaunchScreen.storyboard */; };
		789DBF4C26EAAAB4005F86D8 /* IgorProfileRootViewController.swift in Sources */ = {isa = PBXBuildFile; fileRef = 789DBF4B26EAAAB4005F86D8 /* IgorProfileRootViewController.swift */; };
		789DBF4E26EAAB82005F86D8 /* DmitryProfileRootViewController.swift in Sources */ = {isa = PBXBuildFile; fileRef = 789DBF4D26EAAB82005F86D8 /* DmitryProfileRootViewController.swift */; };
		789DBF5226EAAF5D005F86D8 /* NadiaProfileRootViewController.swift in Sources */ = {isa = PBXBuildFile; fileRef = 789DBF5126EAAF5D005F86D8 /* NadiaProfileRootViewController.swift */; };
		EA58194926F7646F00AECFA0 /* AlexUser.swift in Sources */ = {isa = PBXBuildFile; fileRef = EA58194826F7646F00AECFA0 /* AlexUser.swift */; };
		EA84C7C926F3B9B000C94A89 /* AlexProfileRootViewController.swift in Sources */ = {isa = PBXBuildFile; fileRef = EA84C7C826F3B9B000C94A89 /* AlexProfileRootViewController.swift */; };
		EA84C7CC26F3E9DE00C94A89 /* AlexSecondViewController.swift in Sources */ = {isa = PBXBuildFile; fileRef = EA84C7CB26F3E9DE00C94A89 /* AlexSecondViewController.swift */; };
		EA84C7CE26F6274F00C94A89 /* AlexPet.swift in Sources */ = {isa = PBXBuildFile; fileRef = EA84C7CD26F6274F00C94A89 /* AlexPet.swift */; };
		EA84C7D026F6276100C94A89 /* AlexDataManager.swift in Sources */ = {isa = PBXBuildFile; fileRef = EA84C7CF26F6276100C94A89 /* AlexDataManager.swift */; };
		EA84C7D226F652F600C94A89 /* AlexThirdViewController.swift in Sources */ = {isa = PBXBuildFile; fileRef = EA84C7D126F652F600C94A89 /* AlexThirdViewController.swift */; };
		EA8D44EE26F272C800A3D591 /* Alex.storyboard in Resources */ = {isa = PBXBuildFile; fileRef = EA8D44ED26F272C800A3D591 /* Alex.storyboard */; };
		FD7E974926EC90B900751A18 /* NadiaMainResumeViewController.swift in Sources */ = {isa = PBXBuildFile; fileRef = FD7E974826EC90B900751A18 /* NadiaMainResumeViewController.swift */; };
		FD7E974B26ECA5D700751A18 /* PersonN.swift in Sources */ = {isa = PBXBuildFile; fileRef = FD7E974A26ECA5D700751A18 /* PersonN.swift */; };
		FD7E974D26EDDED700751A18 /* NadiaDetailedInfoViewController.swift in Sources */ = {isa = PBXBuildFile; fileRef = FD7E974C26EDDED700751A18 /* NadiaDetailedInfoViewController.swift */; };
		FD7E974F26EDE92300751A18 /* NadiaWorkExperienceCell.swift in Sources */ = {isa = PBXBuildFile; fileRef = FD7E974E26EDE92300751A18 /* NadiaWorkExperienceCell.swift */; };
		FD7E975126EDEA0600751A18 /* NadiaEducationTableViewCell.swift in Sources */ = {isa = PBXBuildFile; fileRef = FD7E975026EDEA0600751A18 /* NadiaEducationTableViewCell.swift */; };
		FD7E975326EDEA6800751A18 /* NadiaCertificateTableViewCell.swift in Sources */ = {isa = PBXBuildFile; fileRef = FD7E975226EDEA6800751A18 /* NadiaCertificateTableViewCell.swift */; };
		FD7E975526EDEA8100751A18 /* NadiaProjectTableViewCell.swift in Sources */ = {isa = PBXBuildFile; fileRef = FD7E975426EDEA8100751A18 /* NadiaProjectTableViewCell.swift */; };
		FD7E975926EF128E00751A18 /* NadiaProjectDetailedViewController.swift in Sources */ = {isa = PBXBuildFile; fileRef = FD7E975826EF128E00751A18 /* NadiaProjectDetailedViewController.swift */; };
		FD7E975B26EF35A000751A18 /* NadiaDetailedImageViewController.swift in Sources */ = {isa = PBXBuildFile; fileRef = FD7E975A26EF35A000751A18 /* NadiaDetailedImageViewController.swift */; };
		FD7E975D26F0653C00751A18 /* Nadia.storyboard in Resources */ = {isa = PBXBuildFile; fileRef = FD7E975C26F0653C00751A18 /* Nadia.storyboard */; };
		FD7E975F26F2FEC000751A18 /* NadiaShortFormResumeViewController.swift in Sources */ = {isa = PBXBuildFile; fileRef = FD7E975E26F2FEC000751A18 /* NadiaShortFormResumeViewController.swift */; };
		FD7E976126F326FF00751A18 /* NadiaDefaultTableViewCell.swift in Sources */ = {isa = PBXBuildFile; fileRef = FD7E976026F326FF00751A18 /* NadiaDefaultTableViewCell.swift */; };
		FD7E976426F33C9200751A18 /* Extension_UIView.swift in Sources */ = {isa = PBXBuildFile; fileRef = FD7E976326F33C9200751A18 /* Extension_UIView.swift */; };
		FD7E976626F33D1100751A18 /* Extension_UITableView.swift in Sources */ = {isa = PBXBuildFile; fileRef = FD7E976526F33D1100751A18 /* Extension_UITableView.swift */; };
/* End PBXBuildFile section */

/* Begin PBXFileReference section */
		2C0FEF9426F0B2DC0098EDA9 /* DetailInfoDNViewController.swift */ = {isa = PBXFileReference; lastKnownFileType = sourcecode.swift; path = DetailInfoDNViewController.swift; sourceTree = "<group>"; };
		2C0FEF9826F0C9A90098EDA9 /* ProjectDN.swift */ = {isa = PBXFileReference; lastKnownFileType = sourcecode.swift; path = ProjectDN.swift; sourceTree = "<group>"; };
		2C436F6D26F34BB80046F932 /* ProjectListDNViewController.swift */ = {isa = PBXFileReference; lastKnownFileType = sourcecode.swift; path = ProjectListDNViewController.swift; sourceTree = "<group>"; };
		2C91B6A626EF9255001A46C9 /* Dmitriy.storyboard */ = {isa = PBXFileReference; lastKnownFileType = file.storyboard; path = Dmitriy.storyboard; sourceTree = "<group>"; };
		2CBC030F26EF646F005F2BE6 /* PersonDN.swift */ = {isa = PBXFileReference; lastKnownFileType = sourcecode.swift; path = PersonDN.swift; sourceTree = "<group>"; };
		2CBC031126EF6CD1005F2BE6 /* ProfessionDN.swift */ = {isa = PBXFileReference; lastKnownFileType = sourcecode.swift; path = ProfessionDN.swift; sourceTree = "<group>"; };
		786EE0FA26F4D19500E9688E /* PersonI.swift */ = {isa = PBXFileReference; lastKnownFileType = sourcecode.swift; path = PersonI.swift; sourceTree = "<group>"; };
		7873F63626F0D90F005BA974 /* Igor.storyboard */ = {isa = PBXFileReference; lastKnownFileType = file.storyboard; path = Igor.storyboard; sourceTree = "<group>"; };
		789DBF2F26EAA4C3005F86D8 /* Summaries.app */ = {isa = PBXFileReference; explicitFileType = wrapper.application; includeInIndex = 0; path = Summaries.app; sourceTree = BUILT_PRODUCTS_DIR; };
		789DBF3226EAA4C3005F86D8 /* AppDelegate.swift */ = {isa = PBXFileReference; lastKnownFileType = sourcecode.swift; path = AppDelegate.swift; sourceTree = "<group>"; };
		789DBF3426EAA4C3005F86D8 /* SceneDelegate.swift */ = {isa = PBXFileReference; lastKnownFileType = sourcecode.swift; path = SceneDelegate.swift; sourceTree = "<group>"; };
		789DBF3926EAA4C3005F86D8 /* Base */ = {isa = PBXFileReference; lastKnownFileType = file.storyboard; name = Base; path = Base.lproj/Main.storyboard; sourceTree = "<group>"; };
		789DBF3B26EAA4C7005F86D8 /* Assets.xcassets */ = {isa = PBXFileReference; lastKnownFileType = folder.assetcatalog; path = Assets.xcassets; sourceTree = "<group>"; };
		789DBF3E26EAA4C7005F86D8 /* Base */ = {isa = PBXFileReference; lastKnownFileType = file.storyboard; name = Base; path = Base.lproj/LaunchScreen.storyboard; sourceTree = "<group>"; };
		789DBF4026EAA4C7005F86D8 /* Info.plist */ = {isa = PBXFileReference; lastKnownFileType = text.plist.xml; path = Info.plist; sourceTree = "<group>"; };
		789DBF4B26EAAAB4005F86D8 /* IgorProfileRootViewController.swift */ = {isa = PBXFileReference; lastKnownFileType = sourcecode.swift; path = IgorProfileRootViewController.swift; sourceTree = "<group>"; };
		789DBF4D26EAAB82005F86D8 /* DmitryProfileRootViewController.swift */ = {isa = PBXFileReference; lastKnownFileType = sourcecode.swift; path = DmitryProfileRootViewController.swift; sourceTree = "<group>"; };
		789DBF5126EAAF5D005F86D8 /* NadiaProfileRootViewController.swift */ = {isa = PBXFileReference; lastKnownFileType = sourcecode.swift; path = NadiaProfileRootViewController.swift; sourceTree = "<group>"; };
		EA58194826F7646F00AECFA0 /* AlexUser.swift */ = {isa = PBXFileReference; lastKnownFileType = sourcecode.swift; path = AlexUser.swift; sourceTree = "<group>"; };
		EA84C7C826F3B9B000C94A89 /* AlexProfileRootViewController.swift */ = {isa = PBXFileReference; lastKnownFileType = sourcecode.swift; path = AlexProfileRootViewController.swift; sourceTree = "<group>"; };
		EA84C7CB26F3E9DE00C94A89 /* AlexSecondViewController.swift */ = {isa = PBXFileReference; lastKnownFileType = sourcecode.swift; path = AlexSecondViewController.swift; sourceTree = "<group>"; };
		EA84C7CD26F6274F00C94A89 /* AlexPet.swift */ = {isa = PBXFileReference; lastKnownFileType = sourcecode.swift; path = AlexPet.swift; sourceTree = "<group>"; };
		EA84C7CF26F6276100C94A89 /* AlexDataManager.swift */ = {isa = PBXFileReference; lastKnownFileType = sourcecode.swift; path = AlexDataManager.swift; sourceTree = "<group>"; };
		EA84C7D126F652F600C94A89 /* AlexThirdViewController.swift */ = {isa = PBXFileReference; lastKnownFileType = sourcecode.swift; path = AlexThirdViewController.swift; sourceTree = "<group>"; };
		EA8D44ED26F272C800A3D591 /* Alex.storyboard */ = {isa = PBXFileReference; lastKnownFileType = file.storyboard; path = Alex.storyboard; sourceTree = "<group>"; };
		FD7E974826EC90B900751A18 /* NadiaMainResumeViewController.swift */ = {isa = PBXFileReference; lastKnownFileType = sourcecode.swift; path = NadiaMainResumeViewController.swift; sourceTree = "<group>"; };
		FD7E974A26ECA5D700751A18 /* PersonN.swift */ = {isa = PBXFileReference; lastKnownFileType = sourcecode.swift; path = PersonN.swift; sourceTree = "<group>"; };
		FD7E974C26EDDED700751A18 /* NadiaDetailedInfoViewController.swift */ = {isa = PBXFileReference; lastKnownFileType = sourcecode.swift; path = NadiaDetailedInfoViewController.swift; sourceTree = "<group>"; };
		FD7E974E26EDE92300751A18 /* NadiaWorkExperienceCell.swift */ = {isa = PBXFileReference; lastKnownFileType = sourcecode.swift; path = NadiaWorkExperienceCell.swift; sourceTree = "<group>"; };
		FD7E975026EDEA0600751A18 /* NadiaEducationTableViewCell.swift */ = {isa = PBXFileReference; lastKnownFileType = sourcecode.swift; path = NadiaEducationTableViewCell.swift; sourceTree = "<group>"; };
		FD7E975226EDEA6800751A18 /* NadiaCertificateTableViewCell.swift */ = {isa = PBXFileReference; lastKnownFileType = sourcecode.swift; path = NadiaCertificateTableViewCell.swift; sourceTree = "<group>"; };
		FD7E975426EDEA8100751A18 /* NadiaProjectTableViewCell.swift */ = {isa = PBXFileReference; lastKnownFileType = sourcecode.swift; path = NadiaProjectTableViewCell.swift; sourceTree = "<group>"; };
		FD7E975826EF128E00751A18 /* NadiaProjectDetailedViewController.swift */ = {isa = PBXFileReference; lastKnownFileType = sourcecode.swift; name = NadiaProjectDetailedViewController.swift; path = Summaries/Storyboards/NadiaProjectDetailedViewController.swift; sourceTree = SOURCE_ROOT; };
		FD7E975A26EF35A000751A18 /* NadiaDetailedImageViewController.swift */ = {isa = PBXFileReference; lastKnownFileType = sourcecode.swift; path = NadiaDetailedImageViewController.swift; sourceTree = "<group>"; };
		FD7E975C26F0653C00751A18 /* Nadia.storyboard */ = {isa = PBXFileReference; lastKnownFileType = file.storyboard; path = Nadia.storyboard; sourceTree = "<group>"; };
		FD7E975E26F2FEC000751A18 /* NadiaShortFormResumeViewController.swift */ = {isa = PBXFileReference; lastKnownFileType = sourcecode.swift; path = NadiaShortFormResumeViewController.swift; sourceTree = "<group>"; };
		FD7E976026F326FF00751A18 /* NadiaDefaultTableViewCell.swift */ = {isa = PBXFileReference; lastKnownFileType = sourcecode.swift; path = NadiaDefaultTableViewCell.swift; sourceTree = "<group>"; };
		FD7E976326F33C9200751A18 /* Extension_UIView.swift */ = {isa = PBXFileReference; lastKnownFileType = sourcecode.swift; path = Extension_UIView.swift; sourceTree = "<group>"; };
		FD7E976526F33D1100751A18 /* Extension_UITableView.swift */ = {isa = PBXFileReference; lastKnownFileType = sourcecode.swift; path = Extension_UITableView.swift; sourceTree = "<group>"; };
/* End PBXFileReference section */

/* Begin PBXFrameworksBuildPhase section */
		789DBF2C26EAA4C3005F86D8 /* Frameworks */ = {
			isa = PBXFrameworksBuildPhase;
			buildActionMask = 2147483647;
			files = (
			);
			runOnlyForDeploymentPostprocessing = 0;
		};
/* End PBXFrameworksBuildPhase section */

/* Begin PBXGroup section */
		2C0D826426F38F2300D1C551 /* DmitriyViewControllers */ = {
			isa = PBXGroup;
			children = (
				789DBF4D26EAAB82005F86D8 /* DmitryProfileRootViewController.swift */,
				2C0FEF9426F0B2DC0098EDA9 /* DetailInfoDNViewController.swift */,
				2C436F6D26F34BB80046F932 /* ProjectListDNViewController.swift */,
			);
			path = DmitriyViewControllers;
			sourceTree = "<group>";
		};
		789DBF2626EAA4C3005F86D8 = {
			isa = PBXGroup;
			children = (
				789DBF3126EAA4C3005F86D8 /* Summaries */,
				789DBF3026EAA4C3005F86D8 /* Products */,
			);
			sourceTree = "<group>";
		};
		789DBF3026EAA4C3005F86D8 /* Products */ = {
			isa = PBXGroup;
			children = (
				789DBF2F26EAA4C3005F86D8 /* Summaries.app */,
			);
			name = Products;
			sourceTree = "<group>";
		};
		789DBF3126EAA4C3005F86D8 /* Summaries */ = {
			isa = PBXGroup;
			children = (
				789DBF4826EAA721005F86D8 /* ViewControllers */,
				789DBF4626EAA5E8005F86D8 /* Storyboards */,
				FD7E976226F33BB300751A18 /* Models */,
				78B74CA026F7DEA000FB1BAB /* DataManagers */,
				FD7E976726F33D6500751A18 /* Extensions */,
				789DBF4726EAA600005F86D8 /* App */,
				789DBF3B26EAA4C7005F86D8 /* Assets.xcassets */,
			);
			path = Summaries;
			sourceTree = "<group>";
		};
		789DBF4626EAA5E8005F86D8 /* Storyboards */ = {
			isa = PBXGroup;
			children = (
				EA8D44ED26F272C800A3D591 /* Alex.storyboard */,
				789DBF3826EAA4C3005F86D8 /* Main.storyboard */,
				FD7E975C26F0653C00751A18 /* Nadia.storyboard */,
				2C91B6A626EF9255001A46C9 /* Dmitriy.storyboard */,
				789DBF3D26EAA4C7005F86D8 /* LaunchScreen.storyboard */,
				7873F63626F0D90F005BA974 /* Igor.storyboard */,
			);
			path = Storyboards;
			sourceTree = "<group>";
		};
		789DBF4726EAA600005F86D8 /* App */ = {
			isa = PBXGroup;
			children = (
				789DBF3226EAA4C3005F86D8 /* AppDelegate.swift */,
				789DBF3426EAA4C3005F86D8 /* SceneDelegate.swift */,
				789DBF4026EAA4C7005F86D8 /* Info.plist */,
			);
			path = App;
			sourceTree = "<group>";
		};
		789DBF4826EAA721005F86D8 /* ViewControllers */ = {
			isa = PBXGroup;
			children = (
				FD7E975626EE018B00751A18 /* NadiaViewControllers */,
				789DBF4B26EAAAB4005F86D8 /* IgorProfileRootViewController.swift */,
				2C0D826426F38F2300D1C551 /* DmitriyViewControllers */,
				78B74C9F26F7DE8100FB1BAB /* AlexViewControllers */,
			);
			path = ViewControllers;
			sourceTree = "<group>";
		};
		78B74C9F26F7DE8100FB1BAB /* AlexViewControllers */ = {
			isa = PBXGroup;
			children = (
				EA84C7CB26F3E9DE00C94A89 /* AlexSecondViewController.swift */,
				EA84C7D126F652F600C94A89 /* AlexThirdViewController.swift */,
				EA84C7C826F3B9B000C94A89 /* AlexProfileRootViewController.swift */,
			);
			path = AlexViewControllers;
			sourceTree = "<group>";
		};
		78B74CA026F7DEA000FB1BAB /* DataManagers */ = {
			isa = PBXGroup;
			children = (
				EA84C7CF26F6276100C94A89 /* AlexDataManager.swift */,
			);
			path = DataManagers;
			sourceTree = "<group>";
		};
		FD7E975626EE018B00751A18 /* NadiaViewControllers */ = {
			isa = PBXGroup;
			children = (
				789DBF5126EAAF5D005F86D8 /* NadiaProfileRootViewController.swift */,
				FD7E974826EC90B900751A18 /* NadiaMainResumeViewController.swift */,
				FD7E974C26EDDED700751A18 /* NadiaDetailedInfoViewController.swift */,
				FD7E975826EF128E00751A18 /* NadiaProjectDetailedViewController.swift */,
				FD7E975E26F2FEC000751A18 /* NadiaShortFormResumeViewController.swift */,
				FD7E975A26EF35A000751A18 /* NadiaDetailedImageViewController.swift */,
				FD7E975726EE01B900751A18 /* TableViewCells */,
			);
			path = NadiaViewControllers;
			sourceTree = "<group>";
		};
		FD7E975726EE01B900751A18 /* TableViewCells */ = {
			isa = PBXGroup;
			children = (
				FD7E974E26EDE92300751A18 /* NadiaWorkExperienceCell.swift */,
				FD7E976026F326FF00751A18 /* NadiaDefaultTableViewCell.swift */,
				FD7E975026EDEA0600751A18 /* NadiaEducationTableViewCell.swift */,
				FD7E975226EDEA6800751A18 /* NadiaCertificateTableViewCell.swift */,
				FD7E975426EDEA8100751A18 /* NadiaProjectTableViewCell.swift */,
			);
			path = TableViewCells;
			sourceTree = "<group>";
		};
		FD7E976226F33BB300751A18 /* Models */ = {
			isa = PBXGroup;
			children = (
				EA84C7CD26F6274F00C94A89 /* AlexPet.swift */,
				EA58194826F7646F00AECFA0 /* AlexUser.swift */,
				2CBC030F26EF646F005F2BE6 /* PersonDN.swift */,
				2CBC031126EF6CD1005F2BE6 /* ProfessionDN.swift */,
				2C0FEF9826F0C9A90098EDA9 /* ProjectDN.swift */,
				786EE0FA26F4D19500E9688E /* PersonI.swift */,
				FD7E974A26ECA5D700751A18 /* PersonN.swift */,
			);
			path = Models;
			sourceTree = "<group>";
		};
		FD7E976726F33D6500751A18 /* Extensions */ = {
			isa = PBXGroup;
			children = (
				FD7E976326F33C9200751A18 /* Extension_UIView.swift */,
				FD7E976526F33D1100751A18 /* Extension_UITableView.swift */,
			);
			path = Extensions;
			sourceTree = "<group>";
		};
/* End PBXGroup section */

/* Begin PBXNativeTarget section */
		789DBF2E26EAA4C3005F86D8 /* Summaries */ = {
			isa = PBXNativeTarget;
			buildConfigurationList = 789DBF4326EAA4C7005F86D8 /* Build configuration list for PBXNativeTarget "Summaries" */;
			buildPhases = (
				789DBF2B26EAA4C3005F86D8 /* Sources */,
				789DBF2C26EAA4C3005F86D8 /* Frameworks */,
				789DBF2D26EAA4C3005F86D8 /* Resources */,
			);
			buildRules = (
			);
			dependencies = (
			);
			name = Summaries;
			productName = Summaries;
			productReference = 789DBF2F26EAA4C3005F86D8 /* Summaries.app */;
			productType = "com.apple.product-type.application";
		};
/* End PBXNativeTarget section */

/* Begin PBXProject section */
		789DBF2726EAA4C3005F86D8 /* Project object */ = {
			isa = PBXProject;
			attributes = {
				LastSwiftUpdateCheck = 1250;
				LastUpgradeCheck = 1250;
				TargetAttributes = {
					789DBF2E26EAA4C3005F86D8 = {
						CreatedOnToolsVersion = 12.5.1;
					};
				};
			};
			buildConfigurationList = 789DBF2A26EAA4C3005F86D8 /* Build configuration list for PBXProject "Summaries" */;
			compatibilityVersion = "Xcode 9.3";
			developmentRegion = en;
			hasScannedForEncodings = 0;
			knownRegions = (
				en,
				Base,
			);
			mainGroup = 789DBF2626EAA4C3005F86D8;
			productRefGroup = 789DBF3026EAA4C3005F86D8 /* Products */;
			projectDirPath = "";
			projectRoot = "";
			targets = (
				789DBF2E26EAA4C3005F86D8 /* Summaries */,
			);
		};
/* End PBXProject section */

/* Begin PBXResourcesBuildPhase section */
		789DBF2D26EAA4C3005F86D8 /* Resources */ = {
			isa = PBXResourcesBuildPhase;
			buildActionMask = 2147483647;
			files = (
				EA8D44EE26F272C800A3D591 /* Alex.storyboard in Resources */,
				FD7E975D26F0653C00751A18 /* Nadia.storyboard in Resources */,
				789DBF3F26EAA4C7005F86D8 /* LaunchScreen.storyboard in Resources */,
				789DBF3C26EAA4C7005F86D8 /* Assets.xcassets in Resources */,
				789DBF3A26EAA4C3005F86D8 /* Main.storyboard in Resources */,
				2C91B6A726EF9255001A46C9 /* Dmitriy.storyboard in Resources */,
				7873F63726F0D90F005BA974 /* Igor.storyboard in Resources */,
			);
			runOnlyForDeploymentPostprocessing = 0;
		};
/* End PBXResourcesBuildPhase section */

/* Begin PBXSourcesBuildPhase section */
		789DBF2B26EAA4C3005F86D8 /* Sources */ = {
			isa = PBXSourcesBuildPhase;
			buildActionMask = 2147483647;
			files = (
				FD7E975926EF128E00751A18 /* NadiaProjectDetailedViewController.swift in Sources */,
				FD7E974D26EDDED700751A18 /* NadiaDetailedInfoViewController.swift in Sources */,
				FD7E975526EDEA8100751A18 /* NadiaProjectTableViewCell.swift in Sources */,
				FD7E974926EC90B900751A18 /* NadiaMainResumeViewController.swift in Sources */,
				786EE0FB26F4D19500E9688E /* PersonI.swift in Sources */,
				FD7E974B26ECA5D700751A18 /* PersonN.swift in Sources */,
				789DBF3326EAA4C3005F86D8 /* AppDelegate.swift in Sources */,
				FD7E975126EDEA0600751A18 /* NadiaEducationTableViewCell.swift in Sources */,
				FD7E975F26F2FEC000751A18 /* NadiaShortFormResumeViewController.swift in Sources */,
				2CBC031026EF646F005F2BE6 /* PersonDN.swift in Sources */,
				789DBF3326EAA4C3005F86D8 /* AppDelegate.swift in Sources */,
				EA84C7CE26F6274F00C94A89 /* AlexPet.swift in Sources */,
				EA84C7D026F6276100C94A89 /* AlexDataManager.swift in Sources */,
				EA84C7CC26F3E9DE00C94A89 /* AlexSecondViewController.swift in Sources */,
				EA84C7C926F3B9B000C94A89 /* AlexProfileRootViewController.swift in Sources */,
				789DBF5226EAAF5D005F86D8 /* NadiaProfileRootViewController.swift in Sources */,
				FD7E976626F33D1100751A18 /* Extension_UITableView.swift in Sources */,
				FD7E976126F326FF00751A18 /* NadiaDefaultTableViewCell.swift in Sources */,
				FD7E975326EDEA6800751A18 /* NadiaCertificateTableViewCell.swift in Sources */,
				789DBF3526EAA4C3005F86D8 /* SceneDelegate.swift in Sources */,
				FD7E976426F33C9200751A18 /* Extension_UIView.swift in Sources */,
				FD7E974F26EDE92300751A18 /* NadiaWorkExperienceCell.swift in Sources */,
				2C0FEF9526F0B2DC0098EDA9 /* DetailInfoDNViewController.swift in Sources */,
				2C0FEF9926F0C9A90098EDA9 /* ProjectDN.swift in Sources */,
				2C436F6E26F34BB80046F932 /* ProjectListDNViewController.swift in Sources */,
				789DBF4E26EAAB82005F86D8 /* DmitryProfileRootViewController.swift in Sources */,
				FD7E975B26EF35A000751A18 /* NadiaDetailedImageViewController.swift in Sources */,
				EA84C7D226F652F600C94A89 /* AlexThirdViewController.swift in Sources */,
				EA58194926F7646F00AECFA0 /* AlexUser.swift in Sources */,
				789DBF4C26EAAAB4005F86D8 /* IgorProfileRootViewController.swift in Sources */,
				2CBC031226EF6CD1005F2BE6 /* ProfessionDN.swift in Sources */,
			);
			runOnlyForDeploymentPostprocessing = 0;
		};
/* End PBXSourcesBuildPhase section */

/* Begin PBXVariantGroup section */
		789DBF3826EAA4C3005F86D8 /* Main.storyboard */ = {
			isa = PBXVariantGroup;
			children = (
				789DBF3926EAA4C3005F86D8 /* Base */,
			);
			name = Main.storyboard;
			sourceTree = "<group>";
		};
		789DBF3D26EAA4C7005F86D8 /* LaunchScreen.storyboard */ = {
			isa = PBXVariantGroup;
			children = (
				789DBF3E26EAA4C7005F86D8 /* Base */,
			);
			name = LaunchScreen.storyboard;
			sourceTree = "<group>";
		};
/* End PBXVariantGroup section */

/* Begin XCBuildConfiguration section */
		789DBF4126EAA4C7005F86D8 /* Debug */ = {
			isa = XCBuildConfiguration;
			buildSettings = {
				ALWAYS_SEARCH_USER_PATHS = NO;
				CLANG_ANALYZER_NONNULL = YES;
				CLANG_ANALYZER_NUMBER_OBJECT_CONVERSION = YES_AGGRESSIVE;
				CLANG_CXX_LANGUAGE_STANDARD = "gnu++14";
				CLANG_CXX_LIBRARY = "libc++";
				CLANG_ENABLE_MODULES = YES;
				CLANG_ENABLE_OBJC_ARC = YES;
				CLANG_ENABLE_OBJC_WEAK = YES;
				CLANG_WARN_BLOCK_CAPTURE_AUTORELEASING = YES;
				CLANG_WARN_BOOL_CONVERSION = YES;
				CLANG_WARN_COMMA = YES;
				CLANG_WARN_CONSTANT_CONVERSION = YES;
				CLANG_WARN_DEPRECATED_OBJC_IMPLEMENTATIONS = YES;
				CLANG_WARN_DIRECT_OBJC_ISA_USAGE = YES_ERROR;
				CLANG_WARN_DOCUMENTATION_COMMENTS = YES;
				CLANG_WARN_EMPTY_BODY = YES;
				CLANG_WARN_ENUM_CONVERSION = YES;
				CLANG_WARN_INFINITE_RECURSION = YES;
				CLANG_WARN_INT_CONVERSION = YES;
				CLANG_WARN_NON_LITERAL_NULL_CONVERSION = YES;
				CLANG_WARN_OBJC_IMPLICIT_RETAIN_SELF = YES;
				CLANG_WARN_OBJC_LITERAL_CONVERSION = YES;
				CLANG_WARN_OBJC_ROOT_CLASS = YES_ERROR;
				CLANG_WARN_QUOTED_INCLUDE_IN_FRAMEWORK_HEADER = YES;
				CLANG_WARN_RANGE_LOOP_ANALYSIS = YES;
				CLANG_WARN_STRICT_PROTOTYPES = YES;
				CLANG_WARN_SUSPICIOUS_MOVE = YES;
				CLANG_WARN_UNGUARDED_AVAILABILITY = YES_AGGRESSIVE;
				CLANG_WARN_UNREACHABLE_CODE = YES;
				CLANG_WARN__DUPLICATE_METHOD_MATCH = YES;
				COPY_PHASE_STRIP = NO;
				DEBUG_INFORMATION_FORMAT = dwarf;
				ENABLE_STRICT_OBJC_MSGSEND = YES;
				ENABLE_TESTABILITY = YES;
				GCC_C_LANGUAGE_STANDARD = gnu11;
				GCC_DYNAMIC_NO_PIC = NO;
				GCC_NO_COMMON_BLOCKS = YES;
				GCC_OPTIMIZATION_LEVEL = 0;
				GCC_PREPROCESSOR_DEFINITIONS = (
					"DEBUG=1",
					"$(inherited)",
				);
				GCC_WARN_64_TO_32_BIT_CONVERSION = YES;
				GCC_WARN_ABOUT_RETURN_TYPE = YES_ERROR;
				GCC_WARN_UNDECLARED_SELECTOR = YES;
				GCC_WARN_UNINITIALIZED_AUTOS = YES_AGGRESSIVE;
				GCC_WARN_UNUSED_FUNCTION = YES;
				GCC_WARN_UNUSED_VARIABLE = YES;
				IPHONEOS_DEPLOYMENT_TARGET = 14.5;
				MTL_ENABLE_DEBUG_INFO = INCLUDE_SOURCE;
				MTL_FAST_MATH = YES;
				ONLY_ACTIVE_ARCH = YES;
				SDKROOT = iphoneos;
				SWIFT_ACTIVE_COMPILATION_CONDITIONS = DEBUG;
				SWIFT_OPTIMIZATION_LEVEL = "-Onone";
			};
			name = Debug;
		};
		789DBF4226EAA4C7005F86D8 /* Release */ = {
			isa = XCBuildConfiguration;
			buildSettings = {
				ALWAYS_SEARCH_USER_PATHS = NO;
				CLANG_ANALYZER_NONNULL = YES;
				CLANG_ANALYZER_NUMBER_OBJECT_CONVERSION = YES_AGGRESSIVE;
				CLANG_CXX_LANGUAGE_STANDARD = "gnu++14";
				CLANG_CXX_LIBRARY = "libc++";
				CLANG_ENABLE_MODULES = YES;
				CLANG_ENABLE_OBJC_ARC = YES;
				CLANG_ENABLE_OBJC_WEAK = YES;
				CLANG_WARN_BLOCK_CAPTURE_AUTORELEASING = YES;
				CLANG_WARN_BOOL_CONVERSION = YES;
				CLANG_WARN_COMMA = YES;
				CLANG_WARN_CONSTANT_CONVERSION = YES;
				CLANG_WARN_DEPRECATED_OBJC_IMPLEMENTATIONS = YES;
				CLANG_WARN_DIRECT_OBJC_ISA_USAGE = YES_ERROR;
				CLANG_WARN_DOCUMENTATION_COMMENTS = YES;
				CLANG_WARN_EMPTY_BODY = YES;
				CLANG_WARN_ENUM_CONVERSION = YES;
				CLANG_WARN_INFINITE_RECURSION = YES;
				CLANG_WARN_INT_CONVERSION = YES;
				CLANG_WARN_NON_LITERAL_NULL_CONVERSION = YES;
				CLANG_WARN_OBJC_IMPLICIT_RETAIN_SELF = YES;
				CLANG_WARN_OBJC_LITERAL_CONVERSION = YES;
				CLANG_WARN_OBJC_ROOT_CLASS = YES_ERROR;
				CLANG_WARN_QUOTED_INCLUDE_IN_FRAMEWORK_HEADER = YES;
				CLANG_WARN_RANGE_LOOP_ANALYSIS = YES;
				CLANG_WARN_STRICT_PROTOTYPES = YES;
				CLANG_WARN_SUSPICIOUS_MOVE = YES;
				CLANG_WARN_UNGUARDED_AVAILABILITY = YES_AGGRESSIVE;
				CLANG_WARN_UNREACHABLE_CODE = YES;
				CLANG_WARN__DUPLICATE_METHOD_MATCH = YES;
				COPY_PHASE_STRIP = NO;
				DEBUG_INFORMATION_FORMAT = "dwarf-with-dsym";
				ENABLE_NS_ASSERTIONS = NO;
				ENABLE_STRICT_OBJC_MSGSEND = YES;
				GCC_C_LANGUAGE_STANDARD = gnu11;
				GCC_NO_COMMON_BLOCKS = YES;
				GCC_WARN_64_TO_32_BIT_CONVERSION = YES;
				GCC_WARN_ABOUT_RETURN_TYPE = YES_ERROR;
				GCC_WARN_UNDECLARED_SELECTOR = YES;
				GCC_WARN_UNINITIALIZED_AUTOS = YES_AGGRESSIVE;
				GCC_WARN_UNUSED_FUNCTION = YES;
				GCC_WARN_UNUSED_VARIABLE = YES;
				IPHONEOS_DEPLOYMENT_TARGET = 14.5;
				MTL_ENABLE_DEBUG_INFO = NO;
				MTL_FAST_MATH = YES;
				SDKROOT = iphoneos;
				SWIFT_COMPILATION_MODE = wholemodule;
				SWIFT_OPTIMIZATION_LEVEL = "-O";
				VALIDATE_PRODUCT = YES;
			};
			name = Release;
		};
		789DBF4426EAA4C7005F86D8 /* Debug */ = {
			isa = XCBuildConfiguration;
			buildSettings = {
				ASSETCATALOG_COMPILER_APPICON_NAME = AppIcon;
				ASSETCATALOG_COMPILER_GLOBAL_ACCENT_COLOR_NAME = AccentColor;
				CODE_SIGN_IDENTITY = "Apple Development";
				CODE_SIGN_STYLE = Automatic;
				DEVELOPMENT_TEAM = "";
				INFOPLIST_FILE = Summaries/App/Info.plist;
				LD_RUNPATH_SEARCH_PATHS = (
					"$(inherited)",
					"@executable_path/Frameworks",
				);
				PRODUCT_BUNDLE_IDENTIFIER = "swiftbook-students.Summaries";
				PRODUCT_NAME = "$(TARGET_NAME)";
				PROVISIONING_PROFILE_SPECIFIER = "";
				SWIFT_VERSION = 5.0;
				TARGETED_DEVICE_FAMILY = 1;
			};
			name = Debug;
		};
		789DBF4526EAA4C7005F86D8 /* Release */ = {
			isa = XCBuildConfiguration;
			buildSettings = {
				ASSETCATALOG_COMPILER_APPICON_NAME = AppIcon;
				ASSETCATALOG_COMPILER_GLOBAL_ACCENT_COLOR_NAME = AccentColor;
				CODE_SIGN_IDENTITY = "Apple Development";
				CODE_SIGN_STYLE = Automatic;
				DEVELOPMENT_TEAM = "";
				INFOPLIST_FILE = Summaries/App/Info.plist;
				LD_RUNPATH_SEARCH_PATHS = (
					"$(inherited)",
					"@executable_path/Frameworks",
				);
				PRODUCT_BUNDLE_IDENTIFIER = "swiftbook-students.Summaries";
				PRODUCT_NAME = "$(TARGET_NAME)";
				PROVISIONING_PROFILE_SPECIFIER = "";
				SWIFT_VERSION = 5.0;
				TARGETED_DEVICE_FAMILY = 1;
			};
			name = Release;
		};
/* End XCBuildConfiguration section */

/* Begin XCConfigurationList section */
		789DBF2A26EAA4C3005F86D8 /* Build configuration list for PBXProject "Summaries" */ = {
			isa = XCConfigurationList;
			buildConfigurations = (
				789DBF4126EAA4C7005F86D8 /* Debug */,
				789DBF4226EAA4C7005F86D8 /* Release */,
			);
			defaultConfigurationIsVisible = 0;
			defaultConfigurationName = Release;
		};
		789DBF4326EAA4C7005F86D8 /* Build configuration list for PBXNativeTarget "Summaries" */ = {
			isa = XCConfigurationList;
			buildConfigurations = (
				789DBF4426EAA4C7005F86D8 /* Debug */,
				789DBF4526EAA4C7005F86D8 /* Release */,
			);
			defaultConfigurationIsVisible = 0;
			defaultConfigurationName = Release;
		};
/* End XCConfigurationList section */
	};
	rootObject = 789DBF2726EAA4C3005F86D8 /* Project object */;
}
